
Microsoft Visual Studio Solution File, Format Version 12.00
# Visual Studio Version 17
VisualStudioVersion = 17.4.33122.133
MinimumVisualStudioVersion = 10.0.40219.1
Project("{FAE04EC0-301F-11D3-BF4B-00C04F79EFBC}") = "NLayeredArchitecture", "NLayeredArchitecture\NLayeredArchitecture.csproj", "{2AA39FAE-C33D-44D6-B0B1-9C7C75F4CF9D}"
EndProject
Project("{FAE04EC0-301F-11D3-BF4B-00C04F79EFBC}") = "EntityLayer", "EntityLayer\EntityLayer.csproj", "{C6724E93-908D-4347-857B-C86398681F7C}"
EndProject
Project("{FAE04EC0-301F-11D3-BF4B-00C04F79EFBC}") = "DataAccessLayer", "DataAccessLayer\DataAccessLayer.csproj", "{2FA7DBDE-6F62-4657-BD05-70561049EE1E}"
EndProject
Project("{FAE04EC0-301F-11D3-BF4B-00C04F79EFBC}") = "BusinessLayer", "BusinessLayer\BusinessLayer.csproj", "{B6DBFD0F-BCEB-469F-B7F8-02B50EA9E686}"
EndProject
Global
	GlobalSection(SolutionConfigurationPlatforms) = preSolution
		Debug|Any CPU = Debug|Any CPU
		Release|Any CPU = Release|Any CPU
	EndGlobalSection
	GlobalSection(ProjectConfigurationPlatforms) = postSolution
		{2AA39FAE-C33D-44D6-B0B1-9C7C75F4CF9D}.Debug|Any CPU.ActiveCfg = Debug|Any CPU
		{2AA39FAE-C33D-44D6-B0B1-9C7C75F4CF9D}.Debug|Any CPU.Build.0 = Debug|Any CPU
		{2AA39FAE-C33D-44D6-B0B1-9C7C75F4CF9D}.Release|Any CPU.ActiveCfg = Release|Any CPU
		{2AA39FAE-C33D-44D6-B0B1-9C7C75F4CF9D}.Release|Any CPU.Build.0 = Release|Any CPU
		{C6724E93-908D-4347-857B-C86398681F7C}.Debug|Any CPU.ActiveCfg = Debug|Any CPU
		{C6724E93-908D-4347-857B-C86398681F7C}.Debug|Any CPU.Build.0 = Debug|Any CPU
		{C6724E93-908D-4347-857B-C86398681F7C}.Release|Any CPU.ActiveCfg = Release|Any CPU
		{C6724E93-908D-4347-857B-C86398681F7C}.Release|Any CPU.Build.0 = Release|Any CPU
		{2FA7DBDE-6F62-4657-BD05-70561049EE1E}.Debug|Any CPU.ActiveCfg = Debug|Any CPU
		{2FA7DBDE-6F62-4657-BD05-70561049EE1E}.Debug|Any CPU.Build.0 = Debug|Any CPU
		{2FA7DBDE-6F62-4657-BD05-70561049EE1E}.Release|Any CPU.ActiveCfg = Release|Any CPU
		{2FA7DBDE-6F62-4657-BD05-70561049EE1E}.Release|Any CPU.Build.0 = Release|Any CPU
		{B6DBFD0F-BCEB-469F-B7F8-02B50EA9E686}.Debug|Any CPU.ActiveCfg = Debug|Any CPU
		{B6DBFD0F-BCEB-469F-B7F8-02B50EA9E686}.Debug|Any CPU.Build.0 = Debug|Any CPU
		{B6DBFD0F-BCEB-469F-B7F8-02B50EA9E686}.Release|Any CPU.ActiveCfg = Release|Any CPU
		{B6DBFD0F-BCEB-469F-B7F8-02B50EA9E686}.Release|Any CPU.Build.0 = Release|Any CPU
	EndGlobalSection
	GlobalSection(SolutionProperties) = preSolution
		HideSolutionNode = FALSE
	EndGlobalSection
	GlobalSection(ExtensibilityGlobals) = postSolution
		SolutionGuid = {75F4118E-1360-44DC-A568-6FB03A1AFD9B}
	EndGlobalSection
EndGlobal
